// !$*UTF8*$!
{
	archiveVersion = 1;
	classes = {
	};
	objectVersion = 55;
	objects = {

/* Begin PBXBuildFile section */
		FA6BAC192716F1EF0035DC6E /* Tests_iOS.swift in Sources */ = {isa = PBXBuildFile; fileRef = FA6BAC182716F1EF0035DC6E /* Tests_iOS.swift */; };
		FA6BAC1B2716F1EF0035DC6E /* Tests_iOSLaunchTests.swift in Sources */ = {isa = PBXBuildFile; fileRef = FA6BAC1A2716F1EF0035DC6E /* Tests_iOSLaunchTests.swift */; };
		FA6BAC282716F1EF0035DC6E /* PokedexApp.swift in Sources */ = {isa = PBXBuildFile; fileRef = FA6BAC002716F1EC0035DC6E /* PokedexApp.swift */; };
		FA6BAC2A2716F1EF0035DC6E /* ContentView.swift in Sources */ = {isa = PBXBuildFile; fileRef = FA6BAC012716F1EC0035DC6E /* ContentView.swift */; };
		FA6BAC2C2716F1EF0035DC6E /* Assets.xcassets in Resources */ = {isa = PBXBuildFile; fileRef = FA6BAC022716F1EF0035DC6E /* Assets.xcassets */; };
		FA6BAC3E2716F2DB0035DC6E /* PokemonModel.swift in Sources */ = {isa = PBXBuildFile; fileRef = FA6BAC3D2716F2DB0035DC6E /* PokemonModel.swift */; };
		FA6BAC412716F4350035DC6E /* PokemonViewModel.swift in Sources */ = {isa = PBXBuildFile; fileRef = FA6BAC402716F4350035DC6E /* PokemonViewModel.swift */; };
		FA6BAC452716F9790035DC6E /* SDWebImageSwiftUI in Frameworks */ = {isa = PBXBuildFile; productRef = FA6BAC442716F9790035DC6E /* SDWebImageSwiftUI */; };
		FA6BAC4C271709500035DC6E /* PokemonImage.swift in Sources */ = {isa = PBXBuildFile; fileRef = FA6BAC4B271709500035DC6E /* PokemonImage.swift */; };
		FA6BAC4F271712F10035DC6E /* PokemonDetailView.swift in Sources */ = {isa = PBXBuildFile; fileRef = FA6BAC4E271712F10035DC6E /* PokemonDetailView.swift */; };
		FA6BAC52271715410035DC6E /* StatView.swift in Sources */ = {isa = PBXBuildFile; fileRef = FA6BAC51271715410035DC6E /* StatView.swift */; };
		FA6BAC55271717C80035DC6E /* StatsGroup.swift in Sources */ = {isa = PBXBuildFile; fileRef = FA6BAC54271717C80035DC6E /* StatsGroup.swift */; };
/* End PBXBuildFile section */

/* Begin PBXContainerItemProxy section */
		FA6BAC152716F1EF0035DC6E /* PBXContainerItemProxy */ = {
			isa = PBXContainerItemProxy;
			containerPortal = FA6BABFB2716F1EC0035DC6E /* Project object */;
			proxyType = 1;
			remoteGlobalIDString = FA6BAC062716F1EF0035DC6E;
			remoteInfo = "Pokedex (iOS)";
		};
/* End PBXContainerItemProxy section */

/* Begin PBXFileReference section */
		FA6BAC002716F1EC0035DC6E /* PokedexApp.swift */ = {isa = PBXFileReference; lastKnownFileType = sourcecode.swift; path = PokedexApp.swift; sourceTree = "<group>"; };
		FA6BAC012716F1EC0035DC6E /* ContentView.swift */ = {isa = PBXFileReference; lastKnownFileType = sourcecode.swift; path = ContentView.swift; sourceTree = "<group>"; };
		FA6BAC022716F1EF0035DC6E /* Assets.xcassets */ = {isa = PBXFileReference; lastKnownFileType = folder.assetcatalog; path = Assets.xcassets; sourceTree = "<group>"; };
		FA6BAC072716F1EF0035DC6E /* Pokedex.app */ = {isa = PBXFileReference; explicitFileType = wrapper.application; includeInIndex = 0; path = Pokedex.app; sourceTree = BUILT_PRODUCTS_DIR; };
		FA6BAC142716F1EF0035DC6E /* Tests iOS.xctest */ = {isa = PBXFileReference; explicitFileType = wrapper.cfbundle; includeInIndex = 0; path = "Tests iOS.xctest"; sourceTree = BUILT_PRODUCTS_DIR; };
		FA6BAC182716F1EF0035DC6E /* Tests_iOS.swift */ = {isa = PBXFileReference; lastKnownFileType = sourcecode.swift; path = Tests_iOS.swift; sourceTree = "<group>"; };
		FA6BAC1A2716F1EF0035DC6E /* Tests_iOSLaunchTests.swift */ = {isa = PBXFileReference; lastKnownFileType = sourcecode.swift; path = Tests_iOSLaunchTests.swift; sourceTree = "<group>"; };
		FA6BAC3C2716F2140035DC6E /* Pokedex (iOS).entitlements */ = {isa = PBXFileReference; lastKnownFileType = text.plist.entitlements; path = "Pokedex (iOS).entitlements"; sourceTree = "<group>"; };
		FA6BAC3D2716F2DB0035DC6E /* PokemonModel.swift */ = {isa = PBXFileReference; lastKnownFileType = sourcecode.swift; path = PokemonModel.swift; sourceTree = "<group>"; };
		FA6BAC402716F4350035DC6E /* PokemonViewModel.swift */ = {isa = PBXFileReference; lastKnownFileType = sourcecode.swift; path = PokemonViewModel.swift; sourceTree = "<group>"; };
		FA6BAC4B271709500035DC6E /* PokemonImage.swift */ = {isa = PBXFileReference; lastKnownFileType = sourcecode.swift; path = PokemonImage.swift; sourceTree = "<group>"; };
		FA6BAC4E271712F10035DC6E /* PokemonDetailView.swift */ = {isa = PBXFileReference; lastKnownFileType = sourcecode.swift; path = PokemonDetailView.swift; sourceTree = "<group>"; };
		FA6BAC51271715410035DC6E /* StatView.swift */ = {isa = PBXFileReference; lastKnownFileType = sourcecode.swift; path = StatView.swift; sourceTree = "<group>"; };
		FA6BAC54271717C80035DC6E /* StatsGroup.swift */ = {isa = PBXFileReference; lastKnownFileType = sourcecode.swift; path = StatsGroup.swift; sourceTree = "<group>"; };
/* End PBXFileReference section */

/* Begin PBXFrameworksBuildPhase section */
		FA6BAC042716F1EF0035DC6E /* Frameworks */ = {
			isa = PBXFrameworksBuildPhase;
			buildActionMask = 2147483647;
			files = (
				FA6BAC452716F9790035DC6E /* SDWebImageSwiftUI in Frameworks */,
			);
			runOnlyForDeploymentPostprocessing = 0;
		};
		FA6BAC112716F1EF0035DC6E /* Frameworks */ = {
			isa = PBXFrameworksBuildPhase;
			buildActionMask = 2147483647;
			files = (
			);
			runOnlyForDeploymentPostprocessing = 0;
		};
/* End PBXFrameworksBuildPhase section */

/* Begin PBXGroup section */
		FA6BABFA2716F1EC0035DC6E = {
			isa = PBXGroup;
			children = (
				FA6BAC3C2716F2140035DC6E /* Pokedex (iOS).entitlements */,
				FA6BABFF2716F1EC0035DC6E /* Shared */,
				FA6BAC172716F1EF0035DC6E /* Tests iOS */,
				FA6BAC082716F1EF0035DC6E /* Products */,
			);
			sourceTree = "<group>";
		};
		FA6BABFF2716F1EC0035DC6E /* Shared */ = {
			isa = PBXGroup;
			children = (
				FA6BAC4A2717092B0035DC6E /* ViewModel */,
				FA6BAC49271709230035DC6E /* Model */,
				FA6BAC46271709040035DC6E /* Views */,
				FA6BAC022716F1EF0035DC6E /* Assets.xcassets */,
				FA6BAC002716F1EC0035DC6E /* PokedexApp.swift */,
			);
			path = Shared;
			sourceTree = "<group>";
		};
		FA6BAC082716F1EF0035DC6E /* Products */ = {
			isa = PBXGroup;
			children = (
				FA6BAC072716F1EF0035DC6E /* Pokedex.app */,
				FA6BAC142716F1EF0035DC6E /* Tests iOS.xctest */,
			);
			name = Products;
			sourceTree = "<group>";
		};
		FA6BAC172716F1EF0035DC6E /* Tests iOS */ = {
			isa = PBXGroup;
			children = (
				FA6BAC182716F1EF0035DC6E /* Tests_iOS.swift */,
				FA6BAC1A2716F1EF0035DC6E /* Tests_iOSLaunchTests.swift */,
			);
			path = "Tests iOS";
			sourceTree = "<group>";
		};
		FA6BAC46271709040035DC6E /* Views */ = {
			isa = PBXGroup;
			children = (
				FA6BAC48271709140035DC6E /* Overview Page */,
				FA6BAC472717090C0035DC6E /* Detail Page */,
			);
			path = Views;
			sourceTree = "<group>";
		};
		FA6BAC472717090C0035DC6E /* Detail Page */ = {
			isa = PBXGroup;
			children = (
				FA6BAC4B271709500035DC6E /* PokemonImage.swift */,
				FA6BAC4E271712F10035DC6E /* PokemonDetailView.swift */,
				FA6BAC51271715410035DC6E /* StatView.swift */,
				FA6BAC54271717C80035DC6E /* StatsGroup.swift */,
			);
			path = "Detail Page";
			sourceTree = "<group>";
		};
		FA6BAC48271709140035DC6E /* Overview Page */ = {
			isa = PBXGroup;
			children = (
				FA6BAC012716F1EC0035DC6E /* ContentView.swift */,
			);
			path = "Overview Page";
			sourceTree = "<group>";
		};
		FA6BAC49271709230035DC6E /* Model */ = {
			isa = PBXGroup;
			children = (
				FA6BAC3D2716F2DB0035DC6E /* PokemonModel.swift */,
			);
			path = Model;
			sourceTree = "<group>";
		};
		FA6BAC4A2717092B0035DC6E /* ViewModel */ = {
			isa = PBXGroup;
			children = (
				FA6BAC402716F4350035DC6E /* PokemonViewModel.swift */,
			);
			path = ViewModel;
			sourceTree = "<group>";
		};
/* End PBXGroup section */

/* Begin PBXNativeTarget section */
		FA6BAC062716F1EF0035DC6E /* Pokedex (iOS) */ = {
			isa = PBXNativeTarget;
			buildConfigurationList = FA6BAC302716F1EF0035DC6E /* Build configuration list for PBXNativeTarget "Pokedex (iOS)" */;
			buildPhases = (
				FA6BAC032716F1EF0035DC6E /* Sources */,
				FA6BAC042716F1EF0035DC6E /* Frameworks */,
				FA6BAC052716F1EF0035DC6E /* Resources */,
			);
			buildRules = (
			);
			dependencies = (
			);
			name = "Pokedex (iOS)";
			packageProductDependencies = (
				FA6BAC442716F9790035DC6E /* SDWebImageSwiftUI */,
			);
			productName = "Pokedex (iOS)";
			productReference = FA6BAC072716F1EF0035DC6E /* Pokedex.app */;
			productType = "com.apple.product-type.application";
		};
		FA6BAC132716F1EF0035DC6E /* Tests iOS */ = {
			isa = PBXNativeTarget;
			buildConfigurationList = FA6BAC362716F1EF0035DC6E /* Build configuration list for PBXNativeTarget "Tests iOS" */;
			buildPhases = (
				FA6BAC102716F1EF0035DC6E /* Sources */,
				FA6BAC112716F1EF0035DC6E /* Frameworks */,
				FA6BAC122716F1EF0035DC6E /* Resources */,
			);
			buildRules = (
			);
			dependencies = (
				FA6BAC162716F1EF0035DC6E /* PBXTargetDependency */,
			);
			name = "Tests iOS";
			productName = "Tests iOS";
			productReference = FA6BAC142716F1EF0035DC6E /* Tests iOS.xctest */;
			productType = "com.apple.product-type.bundle.ui-testing";
		};
/* End PBXNativeTarget section */

/* Begin PBXProject section */
		FA6BABFB2716F1EC0035DC6E /* Project object */ = {
			isa = PBXProject;
			attributes = {
				BuildIndependentTargetsInParallel = 1;
				LastSwiftUpdateCheck = 1300;
				LastUpgradeCheck = 1430;
				TargetAttributes = {
					FA6BAC062716F1EF0035DC6E = {
						CreatedOnToolsVersion = 13.0;
					};
					FA6BAC132716F1EF0035DC6E = {
						CreatedOnToolsVersion = 13.0;
						TestTargetID = FA6BAC062716F1EF0035DC6E;
					};
				};
			};
			buildConfigurationList = FA6BABFE2716F1EC0035DC6E /* Build configuration list for PBXProject "Pokedex" */;
			compatibilityVersion = "Xcode 13.0";
			developmentRegion = en;
			hasScannedForEncodings = 0;
			knownRegions = (
				en,
				Base,
			);
			mainGroup = FA6BABFA2716F1EC0035DC6E;
			packageReferences = (
				FA6BAC432716F9790035DC6E /* XCRemoteSwiftPackageReference "SDWebImageSwiftUI" */,
			);
			productRefGroup = FA6BAC082716F1EF0035DC6E /* Products */;
			projectDirPath = "";
			projectRoot = "";
			targets = (
				FA6BAC062716F1EF0035DC6E /* Pokedex (iOS) */,
				FA6BAC132716F1EF0035DC6E /* Tests iOS */,
			);
		};
/* End PBXProject section */

/* Begin PBXResourcesBuildPhase section */
		FA6BAC052716F1EF0035DC6E /* Resources */ = {
			isa = PBXResourcesBuildPhase;
			buildActionMask = 2147483647;
			files = (
				FA6BAC2C2716F1EF0035DC6E /* Assets.xcassets in Resources */,
			);
			runOnlyForDeploymentPostprocessing = 0;
		};
		FA6BAC122716F1EF0035DC6E /* Resources */ = {
			isa = PBXResourcesBuildPhase;
			buildActionMask = 2147483647;
			files = (
			);
			runOnlyForDeploymentPostprocessing = 0;
		};
/* End PBXResourcesBuildPhase section */

/* Begin PBXSourcesBuildPhase section */
		FA6BAC032716F1EF0035DC6E /* Sources */ = {
			isa = PBXSourcesBuildPhase;
			buildActionMask = 2147483647;
			files = (
				FA6BAC2A2716F1EF0035DC6E /* ContentView.swift in Sources */,
				FA6BAC52271715410035DC6E /* StatView.swift in Sources */,
				FA6BAC4C271709500035DC6E /* PokemonImage.swift in Sources */,
				FA6BAC3E2716F2DB0035DC6E /* PokemonModel.swift in Sources */,
				FA6BAC412716F4350035DC6E /* PokemonViewModel.swift in Sources */,
				FA6BAC282716F1EF0035DC6E /* PokedexApp.swift in Sources */,
				FA6BAC4F271712F10035DC6E /* PokemonDetailView.swift in Sources */,
				FA6BAC55271717C80035DC6E /* StatsGroup.swift in Sources */,
			);
			runOnlyForDeploymentPostprocessing = 0;
		};
		FA6BAC102716F1EF0035DC6E /* Sources */ = {
			isa = PBXSourcesBuildPhase;
			buildActionMask = 2147483647;
			files = (
				FA6BAC1B2716F1EF0035DC6E /* Tests_iOSLaunchTests.swift in Sources */,
				FA6BAC192716F1EF0035DC6E /* Tests_iOS.swift in Sources */,
			);
			runOnlyForDeploymentPostprocessing = 0;
		};
/* End PBXSourcesBuildPhase section */

/* Begin PBXTargetDependency section */
		FA6BAC162716F1EF0035DC6E /* PBXTargetDependency */ = {
			isa = PBXTargetDependency;
			target = FA6BAC062716F1EF0035DC6E /* Pokedex (iOS) */;
			targetProxy = FA6BAC152716F1EF0035DC6E /* PBXContainerItemProxy */;
		};
/* End PBXTargetDependency section */

/* Begin XCBuildConfiguration section */
		FA6BAC2E2716F1EF0035DC6E /* Debug */ = {
			isa = XCBuildConfiguration;
			buildSettings = {
				ALWAYS_SEARCH_USER_PATHS = NO;
				CLANG_ANALYZER_NONNULL = YES;
				CLANG_ANALYZER_NUMBER_OBJECT_CONVERSION = YES_AGGRESSIVE;
				CLANG_CXX_LANGUAGE_STANDARD = "gnu++17";
				CLANG_CXX_LIBRARY = "libc++";
				CLANG_ENABLE_MODULES = YES;
				CLANG_ENABLE_OBJC_ARC = YES;
				CLANG_ENABLE_OBJC_WEAK = YES;
				CLANG_WARN_BLOCK_CAPTURE_AUTORELEASING = YES;
				CLANG_WARN_BOOL_CONVERSION = YES;
				CLANG_WARN_COMMA = YES;
				CLANG_WARN_CONSTANT_CONVERSION = YES;
				CLANG_WARN_DEPRECATED_OBJC_IMPLEMENTATIONS = YES;
				CLANG_WARN_DIRECT_OBJC_ISA_USAGE = YES_ERROR;
				CLANG_WARN_DOCUMENTATION_COMMENTS = YES;
				CLANG_WARN_EMPTY_BODY = YES;
				CLANG_WARN_ENUM_CONVERSION = YES;
				CLANG_WARN_INFINITE_RECURSION = YES;
				CLANG_WARN_INT_CONVERSION = YES;
				CLANG_WARN_NON_LITERAL_NULL_CONVERSION = YES;
				CLANG_WARN_OBJC_IMPLICIT_RETAIN_SELF = YES;
				CLANG_WARN_OBJC_LITERAL_CONVERSION = YES;
				CLANG_WARN_OBJC_ROOT_CLASS = YES_ERROR;
				CLANG_WARN_QUOTED_INCLUDE_IN_FRAMEWORK_HEADER = YES;
				CLANG_WARN_RANGE_LOOP_ANALYSIS = YES;
				CLANG_WARN_STRICT_PROTOTYPES = YES;
				CLANG_WARN_SUSPICIOUS_MOVE = YES;
				CLANG_WARN_UNGUARDED_AVAILABILITY = YES_AGGRESSIVE;
				CLANG_WARN_UNREACHABLE_CODE = YES;
				CLANG_WARN__DUPLICATE_METHOD_MATCH = YES;
				COPY_PHASE_STRIP = NO;
				DEAD_CODE_STRIPPING = YES;
				DEBUG_INFORMATION_FORMAT = dwarf;
				ENABLE_STRICT_OBJC_MSGSEND = YES;
				ENABLE_TESTABILITY = YES;
				GCC_C_LANGUAGE_STANDARD = gnu11;
				GCC_DYNAMIC_NO_PIC = NO;
				GCC_NO_COMMON_BLOCKS = YES;
				GCC_OPTIMIZATION_LEVEL = 0;
				GCC_PREPROCESSOR_DEFINITIONS = (
					"DEBUG=1",
					"$(inherited)",
				);
				GCC_WARN_64_TO_32_BIT_CONVERSION = YES;
				GCC_WARN_ABOUT_RETURN_TYPE = YES_ERROR;
				GCC_WARN_UNDECLARED_SELECTOR = YES;
				GCC_WARN_UNINITIALIZED_AUTOS = YES_AGGRESSIVE;
				GCC_WARN_UNUSED_FUNCTION = YES;
				GCC_WARN_UNUSED_VARIABLE = YES;
				MTL_ENABLE_DEBUG_INFO = INCLUDE_SOURCE;
				MTL_FAST_MATH = YES;
				ONLY_ACTIVE_ARCH = YES;
				SWIFT_ACTIVE_COMPILATION_CONDITIONS = DEBUG;
				SWIFT_OPTIMIZATION_LEVEL = "-Onone";
			};
			name = Debug;
		};
		FA6BAC2F2716F1EF0035DC6E /* Release */ = {
			isa = XCBuildConfiguration;
			buildSettings = {
				ALWAYS_SEARCH_USER_PATHS = NO;
				CLANG_ANALYZER_NONNULL = YES;
				CLANG_ANALYZER_NUMBER_OBJECT_CONVERSION = YES_AGGRESSIVE;
				CLANG_CXX_LANGUAGE_STANDARD = "gnu++17";
				CLANG_CXX_LIBRARY = "libc++";
				CLANG_ENABLE_MODULES = YES;
				CLANG_ENABLE_OBJC_ARC = YES;
				CLANG_ENABLE_OBJC_WEAK = YES;
				CLANG_WARN_BLOCK_CAPTURE_AUTORELEASING = YES;
				CLANG_WARN_BOOL_CONVERSION = YES;
				CLANG_WARN_COMMA = YES;
				CLANG_WARN_CONSTANT_CONVERSION = YES;
				CLANG_WARN_DEPRECATED_OBJC_IMPLEMENTATIONS = YES;
				CLANG_WARN_DIRECT_OBJC_ISA_USAGE = YES_ERROR;
				CLANG_WARN_DOCUMENTATION_COMMENTS = YES;
				CLANG_WARN_EMPTY_BODY = YES;
				CLANG_WARN_ENUM_CONVERSION = YES;
				CLANG_WARN_INFINITE_RECURSION = YES;
				CLANG_WARN_INT_CONVERSION = YES;
				CLANG_WARN_NON_LITERAL_NULL_CONVERSION = YES;
				CLANG_WARN_OBJC_IMPLICIT_RETAIN_SELF = YES;
				CLANG_WARN_OBJC_LITERAL_CONVERSION = YES;
				CLANG_WARN_OBJC_ROOT_CLASS = YES_ERROR;
				CLANG_WARN_QUOTED_INCLUDE_IN_FRAMEWORK_HEADER = YES;
				CLANG_WARN_RANGE_LOOP_ANALYSIS = YES;
				CLANG_WARN_STRICT_PROTOTYPES = YES;
				CLANG_WARN_SUSPICIOUS_MOVE = YES;
				CLANG_WARN_UNGUARDED_AVAILABILITY = YES_AGGRESSIVE;
				CLANG_WARN_UNREACHABLE_CODE = YES;
				CLANG_WARN__DUPLICATE_METHOD_MATCH = YES;
				COPY_PHASE_STRIP = NO;
				DEAD_CODE_STRIPPING = YES;
				DEBUG_INFORMATION_FORMAT = "dwarf-with-dsym";
				ENABLE_NS_ASSERTIONS = NO;
				ENABLE_STRICT_OBJC_MSGSEND = YES;
				GCC_C_LANGUAGE_STANDARD = gnu11;
				GCC_NO_COMMON_BLOCKS = YES;
				GCC_WARN_64_TO_32_BIT_CONVERSION = YES;
				GCC_WARN_ABOUT_RETURN_TYPE = YES_ERROR;
				GCC_WARN_UNDECLARED_SELECTOR = YES;
				GCC_WARN_UNINITIALIZED_AUTOS = YES_AGGRESSIVE;
				GCC_WARN_UNUSED_FUNCTION = YES;
				GCC_WARN_UNUSED_VARIABLE = YES;
				MTL_ENABLE_DEBUG_INFO = NO;
				MTL_FAST_MATH = YES;
				SWIFT_COMPILATION_MODE = wholemodule;
				SWIFT_OPTIMIZATION_LEVEL = "-O";
			};
			name = Release;
		};
		FA6BAC312716F1EF0035DC6E /* Debug */ = {
			isa = XCBuildConfiguration;
			buildSettings = {
				ASSETCATALOG_COMPILER_APPICON_NAME = AppIcon;
				ASSETCATALOG_COMPILER_GLOBAL_ACCENT_COLOR_NAME = AccentColor;
				CODE_SIGN_ENTITLEMENTS = "Pokedex (iOS).entitlements";
				CODE_SIGN_STYLE = Automatic;
				CURRENT_PROJECT_VERSION = 1;
				DEVELOPMENT_TEAM = JL84E9GK95;
				ENABLE_PREVIEWS = YES;
				GENERATE_INFOPLIST_FILE = YES;
				INFOPLIST_KEY_LSApplicationCategoryType = "public.app-category.entertainment";
				INFOPLIST_KEY_UIApplicationSceneManifest_Generation = YES;
				INFOPLIST_KEY_UIApplicationSupportsIndirectInputEvents = YES;
				INFOPLIST_KEY_UILaunchScreen_Generation = YES;
				INFOPLIST_KEY_UISupportedInterfaceOrientations_iPad = "UIInterfaceOrientationPortrait UIInterfaceOrientationPortraitUpsideDown UIInterfaceOrientationLandscapeLeft UIInterfaceOrientationLandscapeRight";
				INFOPLIST_KEY_UISupportedInterfaceOrientations_iPhone = "UIInterfaceOrientationPortrait UIInterfaceOrientationLandscapeLeft UIInterfaceOrientationLandscapeRight";
				IPHONEOS_DEPLOYMENT_TARGET = 15.0;
				LD_RUNPATH_SEARCH_PATHS = (
					"$(inherited)",
					"@executable_path/Frameworks",
				);
				MARKETING_VERSION = 1.0;
				PRODUCT_BUNDLE_IDENTIFIER = com.vmihai.Pokedex;
				PRODUCT_NAME = Pokedex;
				SDKROOT = iphoneos;
				SUPPORTS_MACCATALYST = NO;
				SWIFT_EMIT_LOC_STRINGS = YES;
				SWIFT_VERSION = 5.0;
				TARGETED_DEVICE_FAMILY = "1,2";
			};
			name = Debug;
		};
		FA6BAC322716F1EF0035DC6E /* Release */ = {
			isa = XCBuildConfiguration;
			buildSettings = {
				ASSETCATALOG_COMPILER_APPICON_NAME = AppIcon;
				ASSETCATALOG_COMPILER_GLOBAL_ACCENT_COLOR_NAME = AccentColor;
				CODE_SIGN_ENTITLEMENTS = "Pokedex (iOS).entitlements";
				CODE_SIGN_STYLE = Automatic;
				CURRENT_PROJECT_VERSION = 1;
				DEVELOPMENT_TEAM = JL84E9GK95;
				ENABLE_PREVIEWS = YES;
				GENERATE_INFOPLIST_FILE = YES;
				INFOPLIST_KEY_LSApplicationCategoryType = "public.app-category.entertainment";
				INFOPLIST_KEY_UIApplicationSceneManifest_Generation = YES;
				INFOPLIST_KEY_UIApplicationSupportsIndirectInputEvents = YES;
				INFOPLIST_KEY_UILaunchScreen_Generation = YES;
				INFOPLIST_KEY_UISupportedInterfaceOrientations_iPad = "UIInterfaceOrientationPortrait UIInterfaceOrientationPortraitUpsideDown UIInterfaceOrientationLandscapeLeft UIInterfaceOrientationLandscapeRight";
				INFOPLIST_KEY_UISupportedInterfaceOrientations_iPhone = "UIInterfaceOrientationPortrait UIInterfaceOrientationLandscapeLeft UIInterfaceOrientationLandscapeRight";
				IPHONEOS_DEPLOYMENT_TARGET = 15.0;
				LD_RUNPATH_SEARCH_PATHS = (
					"$(inherited)",
					"@executable_path/Frameworks",
				);
				MARKETING_VERSION = 1.0;
				PRODUCT_BUNDLE_IDENTIFIER = com.vmihai.Pokedex;
				PRODUCT_NAME = Pokedex;
				SDKROOT = iphoneos;
				SUPPORTS_MACCATALYST = NO;
				SWIFT_EMIT_LOC_STRINGS = YES;
				SWIFT_VERSION = 5.0;
				TARGETED_DEVICE_FAMILY = "1,2";
				VALIDATE_PRODUCT = YES;
			};
			name = Release;
		};
		FA6BAC372716F1EF0035DC6E /* Debug */ = {
			isa = XCBuildConfiguration;
			buildSettings = {
				ALWAYS_EMBED_SWIFT_STANDARD_LIBRARIES = YES;
				CODE_SIGN_STYLE = Automatic;
				CURRENT_PROJECT_VERSION = 1;
				DEVELOPMENT_TEAM = JL84E9GK95;
				GENERATE_INFOPLIST_FILE = YES;
				IPHONEOS_DEPLOYMENT_TARGET = 15.0;
				LD_RUNPATH_SEARCH_PATHS = (
					"$(inherited)",
					"@executable_path/Frameworks",
					"@loader_path/Frameworks",
				);
				MARKETING_VERSION = 1.0;
				PRODUCT_BUNDLE_IDENTIFIER = "com.vmihai.Tests-iOS";
				PRODUCT_NAME = "$(TARGET_NAME)";
				SDKROOT = iphoneos;
				SWIFT_EMIT_LOC_STRINGS = NO;
				SWIFT_VERSION = 5.0;
				TARGETED_DEVICE_FAMILY = "1,2";
				TEST_TARGET_NAME = "Pokedex (iOS)";
			};
			name = Debug;
		};
		FA6BAC382716F1EF0035DC6E /* Release */ = {
			isa = XCBuildConfiguration;
			buildSettings = {
				ALWAYS_EMBED_SWIFT_STANDARD_LIBRARIES = YES;
				CODE_SIGN_STYLE = Automatic;
				CURRENT_PROJECT_VERSION = 1;
				DEVELOPMENT_TEAM = JL84E9GK95;
				GENERATE_INFOPLIST_FILE = YES;
				IPHONEOS_DEPLOYMENT_TARGET = 15.0;
				LD_RUNPATH_SEARCH_PATHS = (
					"$(inherited)",
					"@executable_path/Frameworks",
					"@loader_path/Frameworks",
				);
				MARKETING_VERSION = 1.0;
				PRODUCT_BUNDLE_IDENTIFIER = "com.vmihai.Tests-iOS";
				PRODUCT_NAME = "$(TARGET_NAME)";
				SDKROOT = iphoneos;
				SWIFT_EMIT_LOC_STRINGS = NO;
				SWIFT_VERSION = 5.0;
				TARGETED_DEVICE_FAMILY = "1,2";
				TEST_TARGET_NAME = "Pokedex (iOS)";
				VALIDATE_PRODUCT = YES;
			};
			name = Release;
		};
/* End XCBuildConfiguration section */

/* Begin XCConfigurationList section */
		FA6BABFE2716F1EC0035DC6E /* Build configuration list for PBXProject "Pokedex" */ = {
			isa = XCConfigurationList;
			buildConfigurations = (
				FA6BAC2E2716F1EF0035DC6E /* Debug */,
				FA6BAC2F2716F1EF0035DC6E /* Release */,
			);
			defaultConfigurationIsVisible = 0;
			defaultConfigurationName = Release;
		};
		FA6BAC302716F1EF0035DC6E /* Build configuration list for PBXNativeTarget "Pokedex (iOS)" */ = {
			isa = XCConfigurationList;
			buildConfigurations = (
				FA6BAC312716F1EF0035DC6E /* Debug */,
				FA6BAC322716F1EF0035DC6E /* Release */,
			);
			defaultConfigurationIsVisible = 0;
			defaultConfigurationName = Release;
		};
		FA6BAC362716F1EF0035DC6E /* Build configuration list for PBXNativeTarget "Tests iOS" */ = {
			isa = XCConfigurationList;
			buildConfigurations = (
				FA6BAC372716F1EF0035DC6E /* Debug */,
				FA6BAC382716F1EF0035DC6E /* Release */,
			);
			defaultConfigurationIsVisible = 0;
			defaultConfigurationName = Release;
		};
/* End XCConfigurationList section */

/* Begin XCRemoteSwiftPackageReference section */
		FA6BAC432716F9790035DC6E /* XCRemoteSwiftPackageReference "SDWebImageSwiftUI" */ = {
			isa = XCRemoteSwiftPackageReference;
			repositoryURL = "https://github.com/SDWebImage/SDWebImageSwiftUI";
			requirement = {
				kind = upToNextMajorVersion;
				minimumVersion = 2.0.0;
			};
		};
/* End XCRemoteSwiftPackageReference section */

/* Begin XCSwiftPackageProductDependency section */
		FA6BAC442716F9790035DC6E /* SDWebImageSwiftUI */ = {
			isa = XCSwiftPackageProductDependency;
			package = FA6BAC432716F9790035DC6E /* XCRemoteSwiftPackageReference "SDWebImageSwiftUI" */;
			productName = SDWebImageSwiftUI;
		};
/* End XCSwiftPackageProductDependency section */
	};
	rootObject = FA6BABFB2716F1EC0035DC6E /* Project object */;
}
